
Microsoft Visual Studio Solution File, Format Version 12.00
# Visual Studio 2012
Project("{FAE04EC0-301F-11D3-BF4B-00C04F79EFBC}") = "XamarinFormsAwesomizer", "XamarinFormsAwesomizer\XamarinFormsAwesomizer.csproj", "{C7B00A26-54EC-43CE-8DB7-36BD87D54CBE}"
EndProject
Project("{2150E333-8FDC-42A3-9474-1A3956D46DE8}") = "Sample", "Sample", "{4FC323BC-479A-4FD4-A720-1B636626538D}"
EndProject
Global
	GlobalSection(SolutionConfigurationPlatforms) = preSolution
		Debug|Any CPU = Debug|Any CPU
		Release|Any CPU = Release|Any CPU
		Debug|iPhoneSimulator = Debug|iPhoneSimulator
		Release|iPhone = Release|iPhone
		Release|iPhoneSimulator = Release|iPhoneSimulator
		Debug|iPhone = Debug|iPhone
	EndGlobalSection
	GlobalSection(ProjectConfigurationPlatforms) = postSolution
		{C7B00A26-54EC-43CE-8DB7-36BD87D54CBE}.Debug|Any CPU.ActiveCfg = Debug|Any CPU
		{C7B00A26-54EC-43CE-8DB7-36BD87D54CBE}.Debug|Any CPU.Build.0 = Debug|Any CPU
		{C7B00A26-54EC-43CE-8DB7-36BD87D54CBE}.Debug|iPhone.ActiveCfg = Debug|Any CPU
		{C7B00A26-54EC-43CE-8DB7-36BD87D54CBE}.Debug|iPhone.Build.0 = Debug|Any CPU
		{C7B00A26-54EC-43CE-8DB7-36BD87D54CBE}.Debug|iPhoneSimulator.ActiveCfg = Debug|Any CPU
		{C7B00A26-54EC-43CE-8DB7-36BD87D54CBE}.Debug|iPhoneSimulator.Build.0 = Debug|Any CPU
		{C7B00A26-54EC-43CE-8DB7-36BD87D54CBE}.Release|Any CPU.ActiveCfg = Release|Any CPU
		{C7B00A26-54EC-43CE-8DB7-36BD87D54CBE}.Release|Any CPU.Build.0 = Release|Any CPU
		{C7B00A26-54EC-43CE-8DB7-36BD87D54CBE}.Release|iPhone.ActiveCfg = Release|Any CPU
		{C7B00A26-54EC-43CE-8DB7-36BD87D54CBE}.Release|iPhone.Build.0 = Release|Any CPU
		{C7B00A26-54EC-43CE-8DB7-36BD87D54CBE}.Release|iPhoneSimulator.ActiveCfg = Release|Any CPU
		{C7B00A26-54EC-43CE-8DB7-36BD87D54CBE}.Release|iPhoneSimulator.Build.0 = Release|Any CPU
	EndGlobalSection
	GlobalSection(NestedProjects) = preSolution
	EndGlobalSection
EndGlobal
