
Microsoft Visual Studio Solution File, Format Version 12.00
# Visual Studio 2012
Project("{FAE04EC0-301F-11D3-BF4B-00C04F79EFBC}") = "XamarinFormsAwesomizer", "XamarinFormsAwesomizer\XamarinFormsAwesomizer.csproj", "{C7B00A26-54EC-43CE-8DB7-36BD87D54CBE}"
EndProject
Project("{2150E333-8FDC-42A3-9474-1A3956D46DE8}") = "Sample", "Sample", "{4FC323BC-479A-4FD4-A720-1B636626538D}"
EndProject
Project("{FAE04EC0-301F-11D3-BF4B-00C04F79EFBC}") = "XFAwesomizerSample", "Sample\XFAwesomizerSample\XFAwesomizerSample.csproj", "{D1190E05-514F-4FBF-943E-6E0FDD527F6E}"
EndProject
Project("{FAE04EC0-301F-11D3-BF4B-00C04F79EFBC}") = "XFAwesomizerSample.Droid", "Sample\Droid\XFAwesomizerSample.Droid.csproj", "{04BD58E4-F403-4562-A9E8-374788524B26}"
EndProject
Project("{FAE04EC0-301F-11D3-BF4B-00C04F79EFBC}") = "XFAwesomizerSample.iOS", "Sample\iOS\XFAwesomizerSample.iOS.csproj", "{A94203A0-E720-4D75-AAFD-F3E4565CA3CB}"
EndProject
Global
	GlobalSection(SolutionConfigurationPlatforms) = preSolution
		Debug|Any CPU = Debug|Any CPU
		Release|Any CPU = Release|Any CPU
		Debug|iPhoneSimulator = Debug|iPhoneSimulator
		Release|iPhone = Release|iPhone
		Release|iPhoneSimulator = Release|iPhoneSimulator
		Debug|iPhone = Debug|iPhone
	EndGlobalSection
	GlobalSection(ProjectConfigurationPlatforms) = postSolution
		{04BD58E4-F403-4562-A9E8-374788524B26}.Debug|Any CPU.ActiveCfg = Debug|Any CPU
		{04BD58E4-F403-4562-A9E8-374788524B26}.Debug|Any CPU.Build.0 = Debug|Any CPU
		{04BD58E4-F403-4562-A9E8-374788524B26}.Debug|iPhone.ActiveCfg = Debug|Any CPU
		{04BD58E4-F403-4562-A9E8-374788524B26}.Debug|iPhone.Build.0 = Debug|Any CPU
		{04BD58E4-F403-4562-A9E8-374788524B26}.Debug|iPhoneSimulator.ActiveCfg = Debug|Any CPU
		{04BD58E4-F403-4562-A9E8-374788524B26}.Debug|iPhoneSimulator.Build.0 = Debug|Any CPU
		{04BD58E4-F403-4562-A9E8-374788524B26}.Release|Any CPU.ActiveCfg = Release|Any CPU
		{04BD58E4-F403-4562-A9E8-374788524B26}.Release|Any CPU.Build.0 = Release|Any CPU
		{04BD58E4-F403-4562-A9E8-374788524B26}.Release|iPhone.ActiveCfg = Release|Any CPU
		{04BD58E4-F403-4562-A9E8-374788524B26}.Release|iPhone.Build.0 = Release|Any CPU
		{04BD58E4-F403-4562-A9E8-374788524B26}.Release|iPhoneSimulator.ActiveCfg = Release|Any CPU
		{04BD58E4-F403-4562-A9E8-374788524B26}.Release|iPhoneSimulator.Build.0 = Release|Any CPU
		{A94203A0-E720-4D75-AAFD-F3E4565CA3CB}.Debug|Any CPU.ActiveCfg = Debug|iPhoneSimulator
		{A94203A0-E720-4D75-AAFD-F3E4565CA3CB}.Debug|Any CPU.Build.0 = Debug|iPhoneSimulator
		{A94203A0-E720-4D75-AAFD-F3E4565CA3CB}.Debug|iPhone.ActiveCfg = Debug|iPhone
		{A94203A0-E720-4D75-AAFD-F3E4565CA3CB}.Debug|iPhone.Build.0 = Debug|iPhone
		{A94203A0-E720-4D75-AAFD-F3E4565CA3CB}.Debug|iPhoneSimulator.ActiveCfg = Debug|iPhoneSimulator
		{A94203A0-E720-4D75-AAFD-F3E4565CA3CB}.Debug|iPhoneSimulator.Build.0 = Debug|iPhoneSimulator
		{A94203A0-E720-4D75-AAFD-F3E4565CA3CB}.Release|Any CPU.ActiveCfg = Release|iPhone
		{A94203A0-E720-4D75-AAFD-F3E4565CA3CB}.Release|Any CPU.Build.0 = Release|iPhone
		{A94203A0-E720-4D75-AAFD-F3E4565CA3CB}.Release|iPhone.ActiveCfg = Release|iPhone
		{A94203A0-E720-4D75-AAFD-F3E4565CA3CB}.Release|iPhone.Build.0 = Release|iPhone
		{A94203A0-E720-4D75-AAFD-F3E4565CA3CB}.Release|iPhoneSimulator.ActiveCfg = Release|iPhoneSimulator
		{A94203A0-E720-4D75-AAFD-F3E4565CA3CB}.Release|iPhoneSimulator.Build.0 = Release|iPhoneSimulator
		{C7B00A26-54EC-43CE-8DB7-36BD87D54CBE}.Debug|Any CPU.ActiveCfg = Debug|Any CPU
		{C7B00A26-54EC-43CE-8DB7-36BD87D54CBE}.Debug|Any CPU.Build.0 = Debug|Any CPU
		{C7B00A26-54EC-43CE-8DB7-36BD87D54CBE}.Debug|iPhone.ActiveCfg = Debug|Any CPU
		{C7B00A26-54EC-43CE-8DB7-36BD87D54CBE}.Debug|iPhone.Build.0 = Debug|Any CPU
		{C7B00A26-54EC-43CE-8DB7-36BD87D54CBE}.Debug|iPhoneSimulator.ActiveCfg = Debug|Any CPU
		{C7B00A26-54EC-43CE-8DB7-36BD87D54CBE}.Debug|iPhoneSimulator.Build.0 = Debug|Any CPU
		{C7B00A26-54EC-43CE-8DB7-36BD87D54CBE}.Release|Any CPU.ActiveCfg = Release|Any CPU
		{C7B00A26-54EC-43CE-8DB7-36BD87D54CBE}.Release|Any CPU.Build.0 = Release|Any CPU
		{C7B00A26-54EC-43CE-8DB7-36BD87D54CBE}.Release|iPhone.ActiveCfg = Release|Any CPU
		{C7B00A26-54EC-43CE-8DB7-36BD87D54CBE}.Release|iPhone.Build.0 = Release|Any CPU
		{C7B00A26-54EC-43CE-8DB7-36BD87D54CBE}.Release|iPhoneSimulator.ActiveCfg = Release|Any CPU
		{C7B00A26-54EC-43CE-8DB7-36BD87D54CBE}.Release|iPhoneSimulator.Build.0 = Release|Any CPU
		{D1190E05-514F-4FBF-943E-6E0FDD527F6E}.Debug|Any CPU.ActiveCfg = Debug|Any CPU
		{D1190E05-514F-4FBF-943E-6E0FDD527F6E}.Debug|Any CPU.Build.0 = Debug|Any CPU
		{D1190E05-514F-4FBF-943E-6E0FDD527F6E}.Debug|iPhone.ActiveCfg = Debug|Any CPU
		{D1190E05-514F-4FBF-943E-6E0FDD527F6E}.Debug|iPhone.Build.0 = Debug|Any CPU
		{D1190E05-514F-4FBF-943E-6E0FDD527F6E}.Debug|iPhoneSimulator.ActiveCfg = Debug|Any CPU
		{D1190E05-514F-4FBF-943E-6E0FDD527F6E}.Debug|iPhoneSimulator.Build.0 = Debug|Any CPU
		{D1190E05-514F-4FBF-943E-6E0FDD527F6E}.Release|Any CPU.ActiveCfg = Release|Any CPU
		{D1190E05-514F-4FBF-943E-6E0FDD527F6E}.Release|Any CPU.Build.0 = Release|Any CPU
		{D1190E05-514F-4FBF-943E-6E0FDD527F6E}.Release|iPhone.ActiveCfg = Release|Any CPU
		{D1190E05-514F-4FBF-943E-6E0FDD527F6E}.Release|iPhone.Build.0 = Release|Any CPU
		{D1190E05-514F-4FBF-943E-6E0FDD527F6E}.Release|iPhoneSimulator.ActiveCfg = Release|Any CPU
		{D1190E05-514F-4FBF-943E-6E0FDD527F6E}.Release|iPhoneSimulator.Build.0 = Release|Any CPU
	EndGlobalSection
	GlobalSection(NestedProjects) = preSolution
		{D1190E05-514F-4FBF-943E-6E0FDD527F6E} = {4FC323BC-479A-4FD4-A720-1B636626538D}
		{04BD58E4-F403-4562-A9E8-374788524B26} = {4FC323BC-479A-4FD4-A720-1B636626538D}
		{A94203A0-E720-4D75-AAFD-F3E4565CA3CB} = {4FC323BC-479A-4FD4-A720-1B636626538D}
	EndGlobalSection
EndGlobal
